{
  "version": 4,
  "terraform_version": "1.13.3",
  "serial": 288,
  "lineage": "e43eff30-004c-5d42-cc54-def9a1f419b2",
  "outputs": {},
  "resources": [
    {
      "mode": "data",
      "type": "azurerm_client_config",
      "name": "current",
      "provider": "provider[\"registry.terraform.io/hashicorp/azurerm\"]",
      "instances": [
        {
          "schema_version": 0,
          "attributes": {
            "client_id": "04b07795-8ddb-461a-bbee-02f9e1bf7b46",
            "id": "Y2xpZW50Q29uZmlncy9jbGllbnRJZD0wNGIwNzc5NS04ZGRiLTQ2MWEtYmJlZS0wMmY5ZTFiZjdiNDY7b2JqZWN0SWQ9ZmMyYTEyYjYtYzJmYS00MDIxLTg3NzgtOTNlYjQ4NmMwN2E2O3N1YnNjcmlwdGlvbklkPWU5OWNhNjQ3LTRkMmQtNDY1Zi1iMGEyLTBiOTdkOTNjOTAyNDt0ZW5hbnRJZD04ODdkNjU1OS1mMWZhLTQ5NzktYjU3NS05ZGE1NWI2MmQ0MWQ=",
            "object_id": "fc2a12b6-c2fa-4021-8778-93eb486c07a6",
            "subscription_id": "e99ca647-4d2d-465f-b0a2-0b97d93c9024",
            "tenant_id": "887d6559-f1fa-4979-b575-9da55b62d41d",
            "timeouts": null
          },
          "sensitive_attributes": [],
          "identity_schema_version": 0
        }
      ]
    },
    {
      "mode": "managed",
      "type": "azurerm_consumption_budget_subscription",
      "name": "evently_budget",
      "provider": "provider[\"registry.terraform.io/hashicorp/azurerm\"]",
      "instances": [
        {
          "schema_version": 2,
          "attributes": {
            "amount": 100,
            "etag": "\"1dc2f6997d38ebd\"",
            "filter": [],
            "id": "/subscriptions/e99ca647-4d2d-465f-b0a2-0b97d93c9024/providers/Microsoft.Consumption/budgets/budget-evently-dev",
            "name": "budget-evently-dev",
            "notification": [
              {
                "contact_emails": [
                  "eugenetham1994@gmail.com"
                ],
                "contact_groups": [],
                "contact_roles": [
                  "Owner",
                  "Contributor"
                ],
                "enabled": true,
                "operator": "GreaterThan",
                "threshold": 100,
                "threshold_type": "Actual"
              },
              {
                "contact_emails": [
                  "eugenetham1994@gmail.com"
                ],
                "contact_groups": [],
                "contact_roles": [
                  "Owner",
                  "Contributor"
                ],
                "enabled": true,
                "operator": "GreaterThan",
                "threshold": 80,
                "threshold_type": "Actual"
              }
            ],
            "subscription_id": "/subscriptions/e99ca647-4d2d-465f-b0a2-0b97d93c9024",
            "time_grain": "Monthly",
            "time_period": [
              {
                "end_date": "2035-09-01T00:00:00Z",
                "start_date": "2025-09-01T00:00:00Z"
              }
            ],
            "timeouts": null
          },
          "sensitive_attributes": [],
          "identity_schema_version": 0,
          "private": "eyJlMmJmYjczMC1lY2FhLTExZTYtOGY4OC0zNDM2M2JjN2M0YzAiOnsiY3JlYXRlIjoxODAwMDAwMDAwMDAwLCJkZWxldGUiOjE4MDAwMDAwMDAwMDAsInJlYWQiOjMwMDAwMDAwMDAwMCwidXBkYXRlIjoxODAwMDAwMDAwMDAwfSwic2NoZW1hX3ZlcnNpb24iOiIyIn0=",
          "dependencies": [
            "data.azurerm_client_config.current"
          ]
        }
      ]
    },
    {
      "mode": "managed",
      "type": "azurerm_container_app",
      "name": "app",
      "provider": "provider[\"registry.terraform.io/hashicorp/azurerm\"]",
      "instances": [
        {
          "schema_version": 0,
          "attributes": {
            "container_app_environment_id": "/subscriptions/e99ca647-4d2d-465f-b0a2-0b97d93c9024/resourceGroups/rg-evently-dev-sea/providers/Microsoft.App/managedEnvironments/ca-env-evently-prod-sea",
            "custom_domain_verification_id": "52012F4C64837477076B4B4D499823BC20E036CD980045099B522AF3FD364E84",
            "dapr": [],
            "id": "/subscriptions/e99ca647-4d2d-465f-b0a2-0b97d93c9024/resourceGroups/rg-evently-dev-sea/providers/Microsoft.App/containerApps/ca-evently-prod-sea",
            "identity": [
              {
                "identity_ids": [
                  "/subscriptions/e99ca647-4d2d-465f-b0a2-0b97d93c9024/resourceGroups/rg-evently-dev-sea/providers/Microsoft.ManagedIdentity/userAssignedIdentities/uami-evently-prod-sea"
                ],
                "principal_id": "",
                "tenant_id": "",
                "type": "UserAssigned"
              }
            ],
            "ingress": [
              {
                "allow_insecure_connections": false,
                "client_certificate_mode": "",
                "cors": [],
                "custom_domain": [],
                "exposed_port": 0,
                "external_enabled": true,
                "fqdn": "ca-evently-prod-sea.graybush-4e3751bc.southeastasia.azurecontainerapps.io",
                "ip_security_restriction": [],
                "target_port": 8080,
                "traffic_weight": [
                  {
                    "label": "",
                    "latest_revision": true,
                    "percentage": 100,
                    "revision_suffix": ""
                  }
                ],
                "transport": "auto"
              }
            ],
            "latest_revision_fqdn": "ca-evently-prod-sea--rev-20250927051256.graybush-4e3751bc.southeastasia.azurecontainerapps.io",
            "latest_revision_name": "ca-evently-prod-sea--rev-20250927051256",
            "location": "southeastasia",
            "max_inactive_revisions": 0,
            "name": "ca-evently-prod-sea",
            "outbound_ip_addresses": [
              "20.6.44.219"
            ],
            "registry": [
              {
                "identity": "/subscriptions/e99ca647-4d2d-465f-b0a2-0b97d93c9024/resourceGroups/rg-evently-dev-sea/providers/Microsoft.ManagedIdentity/userAssignedIdentities/uami-evently-prod-sea",
                "password_secret_name": "",
                "server": "acreventlyprodsea.azurecr.io",
                "username": ""
              }
            ],
            "resource_group_name": "rg-evently-dev-sea",
            "revision_mode": "Single",
            "secret": [
              {
                "identity": "",
                "key_vault_secret_id": "",
                "name": "email-from",
                "value": "hippotechcode@gmail.com"
              },
              {
                "identity": "",
                "key_vault_secret_id": "",
                "name": "google-client-id",
                "value": "533425050385-fecekp0gl7cc5nt76o0ohgaik7c9l9l1.apps.googleusercontent.com"
              },
              {
                "identity": "",
                "key_vault_secret_id": "",
                "name": "google-client-secret",
                "value": "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"
              },
              {
                "identity": "",
                "key_vault_secret_id": "",
                "name": "sa-connection-string",
                "value": "DefaultEndpointsProtocol=https;AccountName=saeventlydevsea;AccountKey=jiK3LPHd2ug7Erl+sWB9N+1v2TfYF15EBZg3JqEcOUpVI8hVhZUghEll4ogiFKRDcAkdtslJMe8m+AStaGW4AQ==;EndpointSuffix=core.windows.net"
              },
              {
                "identity": "",
                "key_vault_secret_id": "",
                "name": "smtp-password",
                "value": "snln ewqe nfyw oyfu"
              },
              {
                "identity": "",
                "key_vault_secret_id": "",
                "name": "sql-connection-string",
                "value": "Server=tcp:sql-evently-prod-sea.database.windows.net,1433;Initial Catalog=evently;Persist Security Info=False;User ID=azureadmin;Password=YourSTRONG!Passw0rd;MultipleActiveResultSets=False;Encrypt=True;TrustServerCertificate=False;Connection Timeout=30;"
              }
            ],
            "tags": {},
            "template": [
              {
                "azure_queue_scale_rule": [],
                "container": [
                  {
                    "args": [],
                    "command": [],
                    "cpu": 0.25,
                    "env": [
                      {
                        "name": "ConnectionStrings__WebApiDatabase",
                        "secret_name": "sql-connection-string",
                        "value": ""
                      },
                      {
                        "name": "StorageAccount__AzureStorageConnectionString",
                        "secret_name": "sa-connection-string",
                        "value": ""
                      },
                      {
                        "name": "StorageAccount__AccountName",
                        "secret_name": "",
                        "value": "saeventlydevsea"
                      },
                      {
                        "name": "Authentication__Google__ClientId",
                        "secret_name": "google-client-id",
                        "value": ""
                      },
                      {
                        "name": "Authentication__Google__ClientSecret",
                        "secret_name": "google-client-secret",
                        "value": ""
                      },
                      {
                        "name": "EmailSettings__ActualFrom",
                        "secret_name": "email-from",
                        "value": ""
                      },
                      {
                        "name": "EmailSettings__SmtpPassword",
                        "secret_name": "smtp-password",
                        "value": ""
                      },
                      {
                        "name": "Logging__LogLevel__Default",
                        "secret_name": "",
                        "value": "Information"
                      },
                      {
                        "name": "Logging__LogLevel__Microsoft.AspNetCore",
                        "secret_name": "",
                        "value": "Warning"
                      },
                      {
                        "name": "AllowedHosts",
                        "secret_name": "",
                        "value": "*"
                      },
                      {
                        "name": "ASPNETCORE_ENVIRONMENT",
                        "secret_name": "",
                        "value": "Production"
                      }
                    ],
                    "ephemeral_storage": "1Gi",
                    "image": "acreventlyprodsea.azurecr.io/eugbyte/evently:latest",
                    "liveness_probe": [],
                    "memory": "0.5Gi",
                    "name": "eventlyserver",
                    "readiness_probe": [],
                    "startup_probe": [],
                    "volume_mounts": []
                  }
                ],
                "custom_scale_rule": [],
                "http_scale_rule": [],
                "init_container": [],
                "max_replicas": 1,
                "min_replicas": 0,
                "revision_suffix": "rev-20250927051256",
                "tcp_scale_rule": [],
                "termination_grace_period_seconds": 0,
                "volume": []
              }
            ],
            "timeouts": null,
            "workload_profile_name": ""
          },
          "sensitive_attributes": [
            [
              {
                "type": "get_attr",
                "value": "custom_domain_verification_id"
              }
            ],
            [
              {
                "type": "get_attr",
                "value": "secret"
              }
            ]
          ],
          "identity_schema_version": 0,
          "private": "eyJlMmJmYjczMC1lY2FhLTExZTYtOGY4OC0zNDM2M2JjN2M0YzAiOnsiY3JlYXRlIjoxODAwMDAwMDAwMDAwLCJkZWxldGUiOjE4MDAwMDAwMDAwMDAsInJlYWQiOjMwMDAwMDAwMDAwMCwidXBkYXRlIjoxODAwMDAwMDAwMDAwfX0=",
          "dependencies": [
            "azurerm_container_app_environment.env",
            "azurerm_container_registry.acr",
            "azurerm_log_analytics_workspace.analytics",
            "azurerm_mssql_database.db",
            "azurerm_mssql_server.sql_server",
            "azurerm_resource_group.rg",
            "azurerm_storage_account.evently_sa",
            "azurerm_user_assigned_identity.uami"
          ]
        }
      ]
    },
    {
      "mode": "managed",
      "type": "azurerm_container_app_environment",
      "name": "env",
      "provider": "provider[\"registry.terraform.io/hashicorp/azurerm\"]",
      "instances": [
        {
          "schema_version": 0,
          "attributes": {
            "custom_domain_verification_id": "52012F4C64837477076B4B4D499823BC20E036CD980045099B522AF3FD364E84",
            "dapr_application_insights_connection_string": "",
            "default_domain": "graybush-4e3751bc.southeastasia.azurecontainerapps.io",
            "docker_bridge_cidr": "",
            "id": "/subscriptions/e99ca647-4d2d-465f-b0a2-0b97d93c9024/resourceGroups/rg-evently-dev-sea/providers/Microsoft.App/managedEnvironments/ca-env-evently-prod-sea",
            "identity": [],
            "infrastructure_resource_group_name": "",
            "infrastructure_subnet_id": "",
            "internal_load_balancer_enabled": false,
            "location": "southeastasia",
            "log_analytics_workspace_id": "/subscriptions/e99ca647-4d2d-465f-b0a2-0b97d93c9024/resourceGroups/rg-evently-dev-sea/providers/Microsoft.OperationalInsights/workspaces/log-storeonwheels-prod-sea",
            "logs_destination": "log-analytics",
            "mutual_tls_enabled": false,
            "name": "ca-env-evently-prod-sea",
            "platform_reserved_cidr": "",
            "platform_reserved_dns_ip_address": "",
            "resource_group_name": "rg-evently-dev-sea",
            "static_ip_address": "135.171.8.210",
            "tags": {},
            "timeouts": null,
            "workload_profile": [],
            "zone_redundancy_enabled": false
          },
          "sensitive_attributes": [
            [
              {
                "type": "get_attr",
                "value": "dapr_application_insights_connection_string"
              }
            ]
          ],
          "identity_schema_version": 0,
          "private": "eyJlMmJmYjczMC1lY2FhLTExZTYtOGY4OC0zNDM2M2JjN2M0YzAiOnsiY3JlYXRlIjoxODAwMDAwMDAwMDAwLCJkZWxldGUiOjE4MDAwMDAwMDAwMDAsInJlYWQiOjMwMDAwMDAwMDAwMCwidXBkYXRlIjoxODAwMDAwMDAwMDAwfX0=",
          "dependencies": [
            "azurerm_log_analytics_workspace.analytics",
            "azurerm_resource_group.rg"
          ]
        }
      ]
    },
    {
      "mode": "managed",
      "type": "azurerm_container_registry",
      "name": "acr",
      "provider": "provider[\"registry.terraform.io/hashicorp/azurerm\"]",
      "instances": [
        {
          "schema_version": 2,
          "attributes": {
            "admin_enabled": true,
            "admin_password": "bt5C1RqgKIC33/D0K8C/AHyNtt0nH4NJWBDzXdX7TN+ACRB7/SeI",
            "admin_username": "acreventlyprodsea",
            "anonymous_pull_enabled": false,
            "data_endpoint_enabled": false,
            "data_endpoint_host_names": [],
            "encryption": [],
            "export_policy_enabled": true,
            "georeplications": [],
            "id": "/subscriptions/e99ca647-4d2d-465f-b0a2-0b97d93c9024/resourceGroups/rg-evently-dev-sea/providers/Microsoft.ContainerRegistry/registries/acreventlyprodsea",
            "identity": [],
            "location": "southeastasia",
            "login_server": "acreventlyprodsea.azurecr.io",
            "name": "acreventlyprodsea",
            "network_rule_bypass_option": "AzureServices",
            "network_rule_set": [],
            "public_network_access_enabled": true,
            "quarantine_policy_enabled": false,
            "resource_group_name": "rg-evently-dev-sea",
            "retention_policy_in_days": 0,
            "sku": "Basic",
            "tags": {},
            "timeouts": null,
            "trust_policy_enabled": false,
            "zone_redundancy_enabled": false
          },
          "sensitive_attributes": [
            [
              {
                "type": "get_attr",
                "value": "admin_password"
              }
            ]
          ],
          "identity_schema_version": 0,
          "private": "eyJlMmJmYjczMC1lY2FhLTExZTYtOGY4OC0zNDM2M2JjN2M0YzAiOnsiY3JlYXRlIjoxODAwMDAwMDAwMDAwLCJkZWxldGUiOjE4MDAwMDAwMDAwMDAsInJlYWQiOjMwMDAwMDAwMDAwMCwidXBkYXRlIjoxODAwMDAwMDAwMDAwfSwic2NoZW1hX3ZlcnNpb24iOiIyIn0=",
          "dependencies": [
            "azurerm_resource_group.rg"
          ]
        }
      ]
    },
    {
      "mode": "managed",
      "type": "azurerm_log_analytics_workspace",
      "name": "analytics",
      "provider": "provider[\"registry.terraform.io/hashicorp/azurerm\"]",
      "instances": [
        {
          "schema_version": 3,
          "attributes": {
            "allow_resource_only_permissions": true,
            "cmk_for_query_forced": false,
            "daily_quota_gb": -1,
            "data_collection_rule_id": "",
            "id": "/subscriptions/e99ca647-4d2d-465f-b0a2-0b97d93c9024/resourceGroups/rg-evently-dev-sea/providers/Microsoft.OperationalInsights/workspaces/log-storeonwheels-prod-sea",
            "identity": [],
            "immediate_data_purge_on_30_days_enabled": false,
            "internet_ingestion_enabled": true,
            "internet_query_enabled": true,
            "local_authentication_disabled": true,
            "local_authentication_enabled": false,
            "location": "southeastasia",
            "name": "log-storeonwheels-prod-sea",
            "primary_shared_key": "ubsSMNf2Cu2TniUX5b7H3jhKPJ2CrlHdxPXaPcN0YdDdip0ljEPSw+Crk5kSbw0iz0JOOGHqS/NQ49Q1nqoXuQ==",
            "reservation_capacity_in_gb_per_day": null,
            "resource_group_name": "rg-evently-dev-sea",
            "retention_in_days": 30,
            "secondary_shared_key": "so638LHjXitbQgu190XV3GWN7CWoTGCDHMLmLPv8kHA3n/2Ac2S2uN/082xjMVUh/819yYJXTw03c2AHowFVzA==",
            "sku": "PerGB2018",
            "tags": {},
            "timeouts": null,
            "workspace_id": "18c5135e-b073-4029-a8f6-2633e2ab2564"
          },
          "sensitive_attributes": [
            [
              {
                "type": "get_attr",
                "value": "primary_shared_key"
              }
            ],
            [
              {
                "type": "get_attr",
                "value": "secondary_shared_key"
              }
            ]
          ],
          "identity_schema_version": 0,
          "private": "eyJlMmJmYjczMC1lY2FhLTExZTYtOGY4OC0zNDM2M2JjN2M0YzAiOnsiY3JlYXRlIjoxODAwMDAwMDAwMDAwLCJkZWxldGUiOjE4MDAwMDAwMDAwMDAsInJlYWQiOjMwMDAwMDAwMDAwMCwidXBkYXRlIjoxODAwMDAwMDAwMDAwfSwic2NoZW1hX3ZlcnNpb24iOiIzIn0=",
          "dependencies": [
            "azurerm_resource_group.rg"
          ]
        }
      ]
    },
    {
      "mode": "managed",
      "type": "azurerm_mssql_database",
      "name": "db",
      "provider": "provider[\"registry.terraform.io/hashicorp/azurerm\"]",
      "instances": [
        {
          "schema_version": 1,
          "attributes": {
            "auto_pause_delay_in_minutes": 0,
            "collation": "SQL_Latin1_General_CP1_CI_AS",
            "create_mode": "Default",
            "creation_source_database_id": null,
            "elastic_pool_id": "",
            "enclave_type": "",
            "geo_backup_enabled": true,
            "id": "/subscriptions/e99ca647-4d2d-465f-b0a2-0b97d93c9024/resourceGroups/rg-evently-dev-sea/providers/Microsoft.Sql/servers/sql-evently-prod-sea/databases/evently",
            "identity": [],
            "import": [],
            "ledger_enabled": false,
            "license_type": "",
            "long_term_retention_policy": [
              {
                "immutable_backups_enabled": false,
                "monthly_retention": "PT0S",
                "week_of_year": 1,
                "weekly_retention": "PT0S",
                "yearly_retention": "PT0S"
              }
            ],
            "maintenance_configuration_name": "SQL_Default",
            "max_size_gb": 2,
            "min_capacity": 0,
            "name": "evently",
            "read_replica_count": 0,
            "read_scale": false,
            "recover_database_id": null,
            "recovery_point_id": null,
            "restore_dropped_database_id": null,
            "restore_long_term_retention_backup_id": null,
            "restore_point_in_time": null,
            "sample_name": null,
            "secondary_type": "",
            "server_id": "/subscriptions/e99ca647-4d2d-465f-b0a2-0b97d93c9024/resourceGroups/rg-evently-dev-sea/providers/Microsoft.Sql/servers/sql-evently-prod-sea",
            "short_term_retention_policy": [
              {
                "backup_interval_in_hours": 24,
                "retention_days": 7
              }
            ],
            "sku_name": "Basic",
            "storage_account_type": "Geo",
            "tags": {},
            "threat_detection_policy": [
              {
                "disabled_alerts": [],
                "email_account_admins": "Disabled",
                "email_addresses": [],
                "retention_days": 0,
                "state": "Disabled",
                "storage_account_access_key": "",
                "storage_endpoint": ""
              }
            ],
            "timeouts": null,
            "transparent_data_encryption_enabled": true,
            "transparent_data_encryption_key_automatic_rotation_enabled": false,
            "transparent_data_encryption_key_vault_key_id": "",
            "zone_redundant": false
          },
          "sensitive_attributes": [
            [
              {
                "type": "get_attr",
                "value": "threat_detection_policy"
              },
              {
                "type": "index",
                "value": {
                  "value": 0,
                  "type": "number"
                }
              },
              {
                "type": "get_attr",
                "value": "storage_account_access_key"
              }
            ]
          ],
          "identity_schema_version": 0,
          "private": "eyJlMmJmYjczMC1lY2FhLTExZTYtOGY4OC0zNDM2M2JjN2M0YzAiOnsiY3JlYXRlIjozNjAwMDAwMDAwMDAwLCJkZWxldGUiOjM2MDAwMDAwMDAwMDAsInJlYWQiOjMwMDAwMDAwMDAwMCwidXBkYXRlIjozNjAwMDAwMDAwMDAwfSwic2NoZW1hX3ZlcnNpb24iOiIxIn0=",
          "dependencies": [
            "azurerm_mssql_server.sql_server",
            "azurerm_resource_group.rg"
          ]
        }
      ]
    },
    {
      "mode": "managed",
      "type": "azurerm_mssql_firewall_rule",
      "name": "allow_azure_services",
      "provider": "provider[\"registry.terraform.io/hashicorp/azurerm\"]",
      "instances": [
        {
          "schema_version": 0,
          "attributes": {
            "end_ip_address": "0.0.0.0",
            "id": "/subscriptions/e99ca647-4d2d-465f-b0a2-0b97d93c9024/resourceGroups/rg-evently-dev-sea/providers/Microsoft.Sql/servers/sql-evently-prod-sea/firewallRules/AllowAzureServices",
            "name": "AllowAzureServices",
            "server_id": "/subscriptions/e99ca647-4d2d-465f-b0a2-0b97d93c9024/resourceGroups/rg-evently-dev-sea/providers/Microsoft.Sql/servers/sql-evently-prod-sea",
            "start_ip_address": "0.0.0.0",
            "timeouts": null
          },
          "sensitive_attributes": [],
          "identity_schema_version": 0,
          "private": "eyJlMmJmYjczMC1lY2FhLTExZTYtOGY4OC0zNDM2M2JjN2M0YzAiOnsiY3JlYXRlIjoxODAwMDAwMDAwMDAwLCJkZWxldGUiOjE4MDAwMDAwMDAwMDAsInJlYWQiOjMwMDAwMDAwMDAwMCwidXBkYXRlIjoxODAwMDAwMDAwMDAwfX0=",
          "dependencies": [
            "azurerm_mssql_server.sql_server",
            "azurerm_resource_group.rg"
          ]
        }
      ]
    },
    {
      "mode": "managed",
      "type": "azurerm_mssql_server",
      "name": "sql_server",
      "provider": "provider[\"registry.terraform.io/hashicorp/azurerm\"]",
      "instances": [
        {
          "schema_version": 0,
          "attributes": {
            "administrator_login": "azureadmin",
            "administrator_login_password": "YourSTRONG!Passw0rd",
            "administrator_login_password_wo": null,
            "administrator_login_password_wo_version": 0,
            "azuread_administrator": [],
            "connection_policy": "Default",
            "express_vulnerability_assessment_enabled": false,
            "fully_qualified_domain_name": "sql-evently-prod-sea.database.windows.net",
            "id": "/subscriptions/e99ca647-4d2d-465f-b0a2-0b97d93c9024/resourceGroups/rg-evently-dev-sea/providers/Microsoft.Sql/servers/sql-evently-prod-sea",
            "identity": [],
            "location": "southeastasia",
            "minimum_tls_version": "1.2",
            "name": "sql-evently-prod-sea",
            "outbound_network_restriction_enabled": false,
            "primary_user_assigned_identity_id": "",
            "public_network_access_enabled": true,
            "resource_group_name": "rg-evently-dev-sea",
            "restorable_dropped_database_ids": [],
            "tags": {},
            "timeouts": null,
            "transparent_data_encryption_key_vault_key_id": "",
            "version": "12.0"
          },
          "sensitive_attributes": [
            [
              {
                "type": "get_attr",
                "value": "administrator_login_password"
              }
            ],
            [
              {
                "type": "get_attr",
                "value": "administrator_login_password_wo"
              }
            ]
          ],
          "identity_schema_version": 0,
          "private": "eyJlMmJmYjczMC1lY2FhLTExZTYtOGY4OC0zNDM2M2JjN2M0YzAiOnsiY3JlYXRlIjozNjAwMDAwMDAwMDAwLCJkZWxldGUiOjM2MDAwMDAwMDAwMDAsInJlYWQiOjMwMDAwMDAwMDAwMCwidXBkYXRlIjozNjAwMDAwMDAwMDAwfX0=",
          "dependencies": [
            "azurerm_resource_group.rg"
          ]
        }
      ]
    },
    {
      "mode": "managed",
      "type": "azurerm_resource_group",
      "name": "rg",
      "provider": "provider[\"registry.terraform.io/hashicorp/azurerm\"]",
      "instances": [
        {
          "schema_version": 0,
          "attributes": {
            "id": "/subscriptions/e99ca647-4d2d-465f-b0a2-0b97d93c9024/resourceGroups/rg-evently-dev-sea",
            "location": "southeastasia",
            "managed_by": "",
            "name": "rg-evently-dev-sea",
            "tags": {},
            "timeouts": null
          },
          "sensitive_attributes": [],
          "identity_schema_version": 0,
          "private": "eyJlMmJmYjczMC1lY2FhLTExZTYtOGY4OC0zNDM2M2JjN2M0YzAiOnsiY3JlYXRlIjo1NDAwMDAwMDAwMDAwLCJkZWxldGUiOjU0MDAwMDAwMDAwMDAsInJlYWQiOjMwMDAwMDAwMDAwMCwidXBkYXRlIjo1NDAwMDAwMDAwMDAwfX0="
        }
      ]
    },
    {
      "mode": "managed",
      "type": "azurerm_role_assignment",
      "name": "acr_pull",
      "provider": "provider[\"registry.terraform.io/hashicorp/azurerm\"]",
      "instances": [
        {
          "schema_version": 0,
          "attributes": {
            "condition": "",
            "condition_version": "",
            "delegated_managed_identity_resource_id": "",
            "description": "",
            "id": "/subscriptions/e99ca647-4d2d-465f-b0a2-0b97d93c9024/resourceGroups/rg-evently-dev-sea/providers/Microsoft.ContainerRegistry/registries/acreventlyprodsea/providers/Microsoft.Authorization/roleAssignments/4484a170-8add-ae1d-4343-d236a30919cf",
            "name": "4484a170-8add-ae1d-4343-d236a30919cf",
            "principal_id": "2bcb7031-394a-499e-8ca6-c876b6b92d91",
            "principal_type": "ServicePrincipal",
            "role_definition_id": "/subscriptions/e99ca647-4d2d-465f-b0a2-0b97d93c9024/providers/Microsoft.Authorization/roleDefinitions/7f951dda-4ed3-4680-a7ca-43fe172d538d",
            "role_definition_name": "AcrPull",
            "scope": "/subscriptions/e99ca647-4d2d-465f-b0a2-0b97d93c9024/resourceGroups/rg-evently-dev-sea/providers/Microsoft.ContainerRegistry/registries/acreventlyprodsea",
            "skip_service_principal_aad_check": null,
            "timeouts": null
          },
          "sensitive_attributes": [],
          "identity_schema_version": 0,
          "private": "eyJlMmJmYjczMC1lY2FhLTExZTYtOGY4OC0zNDM2M2JjN2M0YzAiOnsiY3JlYXRlIjoxODAwMDAwMDAwMDAwLCJkZWxldGUiOjE4MDAwMDAwMDAwMDAsInJlYWQiOjMwMDAwMDAwMDAwMH19",
          "dependencies": [
            "azurerm_container_registry.acr",
            "azurerm_resource_group.rg",
            "azurerm_user_assigned_identity.uami"
          ]
        }
      ]
    },
    {
      "mode": "managed",
      "type": "azurerm_storage_account",
      "name": "evently_sa",
      "provider": "provider[\"registry.terraform.io/hashicorp/azurerm\"]",
      "instances": [
        {
          "schema_version": 4,
          "attributes": {
            "access_tier": "Hot",
            "account_kind": "StorageV2",
            "account_replication_type": "LRS",
            "account_tier": "Standard",
            "allow_nested_items_to_be_public": true,
            "allowed_copy_scope": "",
            "azure_files_authentication": [],
            "blob_properties": [
              {
                "change_feed_enabled": false,
                "change_feed_retention_in_days": 0,
                "container_delete_retention_policy": [],
                "cors_rule": [],
                "default_service_version": "",
                "delete_retention_policy": [
                  {
                    "days": 7,
                    "permanent_delete_enabled": false
                  }
                ],
                "last_access_time_enabled": false,
                "restore_policy": [],
                "versioning_enabled": false
              }
            ],
            "cross_tenant_replication_enabled": false,
            "custom_domain": [],
            "customer_managed_key": [],
            "default_to_oauth_authentication": false,
            "dns_endpoint_type": "Standard",
            "edge_zone": "",
            "https_traffic_only_enabled": true,
            "id": "/subscriptions/e99ca647-4d2d-465f-b0a2-0b97d93c9024/resourceGroups/rg-evently-dev-sea/providers/Microsoft.Storage/storageAccounts/saeventlydevsea",
            "identity": [],
            "immutability_policy": [],
            "infrastructure_encryption_enabled": false,
            "is_hns_enabled": false,
            "large_file_share_enabled": false,
            "local_user_enabled": true,
            "location": "southeastasia",
            "min_tls_version": "TLS1_2",
            "name": "saeventlydevsea",
            "network_rules": [],
            "nfsv3_enabled": false,
            "primary_access_key": "jiK3LPHd2ug7Erl+sWB9N+1v2TfYF15EBZg3JqEcOUpVI8hVhZUghEll4ogiFKRDcAkdtslJMe8m+AStaGW4AQ==",
            "primary_blob_connection_string": "DefaultEndpointsProtocol=https;BlobEndpoint=https://saeventlydevsea.blob.core.windows.net/;AccountName=saeventlydevsea;AccountKey=jiK3LPHd2ug7Erl+sWB9N+1v2TfYF15EBZg3JqEcOUpVI8hVhZUghEll4ogiFKRDcAkdtslJMe8m+AStaGW4AQ==",
            "primary_blob_endpoint": "https://saeventlydevsea.blob.core.windows.net/",
            "primary_blob_host": "saeventlydevsea.blob.core.windows.net",
            "primary_blob_internet_endpoint": "",
            "primary_blob_internet_host": "",
            "primary_blob_microsoft_endpoint": "",
            "primary_blob_microsoft_host": "",
            "primary_connection_string": "DefaultEndpointsProtocol=https;AccountName=saeventlydevsea;AccountKey=jiK3LPHd2ug7Erl+sWB9N+1v2TfYF15EBZg3JqEcOUpVI8hVhZUghEll4ogiFKRDcAkdtslJMe8m+AStaGW4AQ==;EndpointSuffix=core.windows.net",
            "primary_dfs_endpoint": "https://saeventlydevsea.dfs.core.windows.net/",
            "primary_dfs_host": "saeventlydevsea.dfs.core.windows.net",
            "primary_dfs_internet_endpoint": "",
            "primary_dfs_internet_host": "",
            "primary_dfs_microsoft_endpoint": "",
            "primary_dfs_microsoft_host": "",
            "primary_file_endpoint": "https://saeventlydevsea.file.core.windows.net/",
            "primary_file_host": "saeventlydevsea.file.core.windows.net",
            "primary_file_internet_endpoint": "",
            "primary_file_internet_host": "",
            "primary_file_microsoft_endpoint": "",
            "primary_file_microsoft_host": "",
            "primary_location": "southeastasia",
            "primary_queue_endpoint": "https://saeventlydevsea.queue.core.windows.net/",
            "primary_queue_host": "saeventlydevsea.queue.core.windows.net",
            "primary_queue_microsoft_endpoint": "",
            "primary_queue_microsoft_host": "",
            "primary_table_endpoint": "https://saeventlydevsea.table.core.windows.net/",
            "primary_table_host": "saeventlydevsea.table.core.windows.net",
            "primary_table_microsoft_endpoint": "",
            "primary_table_microsoft_host": "",
            "primary_web_endpoint": "https://saeventlydevsea.z23.web.core.windows.net/",
            "primary_web_host": "saeventlydevsea.z23.web.core.windows.net",
            "primary_web_internet_endpoint": "",
            "primary_web_internet_host": "",
            "primary_web_microsoft_endpoint": "",
            "primary_web_microsoft_host": "",
            "provisioned_billing_model_version": "",
            "public_network_access_enabled": true,
            "queue_encryption_key_type": "Service",
            "queue_properties": [
              {
                "cors_rule": [],
                "hour_metrics": [
                  {
                    "enabled": false,
                    "include_apis": false,
                    "retention_policy_days": 0,
                    "version": "1.0"
                  }
                ],
                "logging": [
                  {
                    "delete": false,
                    "read": false,
                    "retention_policy_days": 0,
                    "version": "1.0",
                    "write": false
                  }
                ],
                "minute_metrics": [
                  {
                    "enabled": false,
                    "include_apis": false,
                    "retention_policy_days": 0,
                    "version": "1.0"
                  }
                ]
              }
            ],
            "resource_group_name": "rg-evently-dev-sea",
            "routing": [],
            "sas_policy": [],
            "secondary_access_key": "4ALnskpsT6MaSK8oznarTevBe8DhR2kWvENQyi5orZXhSIStAYO6ksMV8D45AsYWGBXco//vh9Hu+AStswOMkw==",
            "secondary_blob_connection_string": "",
            "secondary_blob_endpoint": "",
            "secondary_blob_host": "",
            "secondary_blob_internet_endpoint": "",
            "secondary_blob_internet_host": "",
            "secondary_blob_microsoft_endpoint": "",
            "secondary_blob_microsoft_host": "",
            "secondary_connection_string": "DefaultEndpointsProtocol=https;AccountName=saeventlydevsea;AccountKey=4ALnskpsT6MaSK8oznarTevBe8DhR2kWvENQyi5orZXhSIStAYO6ksMV8D45AsYWGBXco//vh9Hu+AStswOMkw==;EndpointSuffix=core.windows.net",
            "secondary_dfs_endpoint": "",
            "secondary_dfs_host": "",
            "secondary_dfs_internet_endpoint": "",
            "secondary_dfs_internet_host": "",
            "secondary_dfs_microsoft_endpoint": "",
            "secondary_dfs_microsoft_host": "",
            "secondary_file_endpoint": "",
            "secondary_file_host": "",
            "secondary_file_internet_endpoint": "",
            "secondary_file_internet_host": "",
            "secondary_file_microsoft_endpoint": "",
            "secondary_file_microsoft_host": "",
            "secondary_location": "",
            "secondary_queue_endpoint": "",
            "secondary_queue_host": "",
            "secondary_queue_microsoft_endpoint": "",
            "secondary_queue_microsoft_host": "",
            "secondary_table_endpoint": "",
            "secondary_table_host": "",
            "secondary_table_microsoft_endpoint": "",
            "secondary_table_microsoft_host": "",
            "secondary_web_endpoint": "",
            "secondary_web_host": "",
            "secondary_web_internet_endpoint": "",
            "secondary_web_internet_host": "",
            "secondary_web_microsoft_endpoint": "",
            "secondary_web_microsoft_host": "",
            "sftp_enabled": false,
            "share_properties": [
              {
                "cors_rule": [],
                "retention_policy": [
                  {
                    "days": 7
                  }
                ],
                "smb": []
              }
            ],
            "shared_access_key_enabled": true,
            "static_website": [],
            "table_encryption_key_type": "Service",
            "tags": {},
            "timeouts": null
          },
          "sensitive_attributes": [
            [
              {
                "type": "get_attr",
                "value": "primary_access_key"
              }
            ],
            [
              {
                "type": "get_attr",
                "value": "primary_blob_connection_string"
              }
            ],
            [
              {
                "type": "get_attr",
                "value": "primary_connection_string"
              }
            ],
            [
              {
                "type": "get_attr",
                "value": "secondary_access_key"
              }
            ],
            [
              {
                "type": "get_attr",
                "value": "secondary_blob_connection_string"
              }
            ],
            [
              {
                "type": "get_attr",
                "value": "secondary_connection_string"
              }
            ]
          ],
          "identity_schema_version": 0,
          "identity": {
            "name": "saeventlydevsea",
            "resource_group_name": "rg-evently-dev-sea",
            "subscription_id": "e99ca647-4d2d-465f-b0a2-0b97d93c9024"
          },
          "private": "eyJlMmJmYjczMC1lY2FhLTExZTYtOGY4OC0zNDM2M2JjN2M0YzAiOnsiY3JlYXRlIjozNjAwMDAwMDAwMDAwLCJkZWxldGUiOjM2MDAwMDAwMDAwMDAsInJlYWQiOjMwMDAwMDAwMDAwMCwidXBkYXRlIjozNjAwMDAwMDAwMDAwfSwic2NoZW1hX3ZlcnNpb24iOiI0In0=",
          "dependencies": [
            "azurerm_resource_group.rg"
          ]
        }
      ]
    },
    {
      "mode": "managed",
      "type": "azurerm_storage_container",
      "name": "evently_container",
      "provider": "provider[\"registry.terraform.io/hashicorp/azurerm\"]",
      "instances": [
        {
          "schema_version": 1,
          "attributes": {
            "container_access_type": "blob",
            "default_encryption_scope": "$account-encryption-key",
            "encryption_scope_override_enabled": true,
            "has_immutability_policy": false,
            "has_legal_hold": false,
            "id": "/subscriptions/e99ca647-4d2d-465f-b0a2-0b97d93c9024/resourceGroups/rg-evently-dev-sea/providers/Microsoft.Storage/storageAccounts/saeventlydevsea/blobServices/default/containers/evently-dev-images",
            "metadata": {},
            "name": "evently-dev-images",
            "resource_manager_id": "/subscriptions/e99ca647-4d2d-465f-b0a2-0b97d93c9024/resourceGroups/rg-evently-dev-sea/providers/Microsoft.Storage/storageAccounts/saeventlydevsea/blobServices/default/containers/evently-dev-images",
            "storage_account_id": "/subscriptions/e99ca647-4d2d-465f-b0a2-0b97d93c9024/resourceGroups/rg-evently-dev-sea/providers/Microsoft.Storage/storageAccounts/saeventlydevsea",
            "storage_account_name": "",
            "timeouts": null
          },
          "sensitive_attributes": [],
          "identity_schema_version": 0,
          "private": "eyJlMmJmYjczMC1lY2FhLTExZTYtOGY4OC0zNDM2M2JjN2M0YzAiOnsiY3JlYXRlIjoxODAwMDAwMDAwMDAwLCJkZWxldGUiOjE4MDAwMDAwMDAwMDAsInJlYWQiOjMwMDAwMDAwMDAwMCwidXBkYXRlIjoxODAwMDAwMDAwMDAwfSwic2NoZW1hX3ZlcnNpb24iOiIxIn0=",
          "dependencies": [
            "azurerm_resource_group.rg",
            "azurerm_storage_account.evently_sa"
          ]
        }
      ]
    },
    {
      "mode": "managed",
      "type": "azurerm_user_assigned_identity",
      "name": "uami",
      "provider": "provider[\"registry.terraform.io/hashicorp/azurerm\"]",
      "instances": [
        {
          "schema_version": 1,
          "attributes": {
            "client_id": "4aa161ea-33bd-4892-b003-13ec7c19fae0",
            "id": "/subscriptions/e99ca647-4d2d-465f-b0a2-0b97d93c9024/resourceGroups/rg-evently-dev-sea/providers/Microsoft.ManagedIdentity/userAssignedIdentities/uami-evently-prod-sea",
            "location": "southeastasia",
            "name": "uami-evently-prod-sea",
            "principal_id": "2bcb7031-394a-499e-8ca6-c876b6b92d91",
            "resource_group_name": "rg-evently-dev-sea",
            "tags": {},
            "tenant_id": "887d6559-f1fa-4979-b575-9da55b62d41d",
            "timeouts": null
          },
          "sensitive_attributes": [],
          "identity_schema_version": 0,
          "private": "eyJlMmJmYjczMC1lY2FhLTExZTYtOGY4OC0zNDM2M2JjN2M0YzAiOnsiY3JlYXRlIjoxODAwMDAwMDAwMDAwLCJkZWxldGUiOjE4MDAwMDAwMDAwMDAsInJlYWQiOjMwMDAwMDAwMDAwMCwidXBkYXRlIjoxODAwMDAwMDAwMDAwfSwic2NoZW1hX3ZlcnNpb24iOiIxIn0=",
          "dependencies": [
            "azurerm_resource_group.rg"
          ]
        }
      ]
    },
    {
      "mode": "managed",
      "type": "null_resource",
      "name": "publish_docker_image",
      "provider": "provider[\"registry.terraform.io/hashicorp/null\"]",
      "instances": [
        {
          "status": "tainted",
          "schema_version": 0,
          "attributes": {
            "id": "39495631004265361",
            "triggers": {
              "always_run": "2025-09-27T05:13:06Z"
            }
          },
          "sensitive_attributes": [],
          "identity_schema_version": 0,
          "dependencies": [
            "azurerm_container_registry.acr",
            "azurerm_resource_group.rg"
          ]
        }
      ]
    }
  ],
  "check_results": null
}
