<Solution>
    <Folder Name="/deploy/">
        <Project Path="deploy\Terraform\Terraform.csproj" />
    </Folder>
    <Folder Name="/Solution Items/">
        <File Path=".gitignore" />
        <File Path="Makefile" />
        <File Path="docker-compose.yml" />
        <File Path=".dockerignore" />
        <File Path="README.md" />
    </Folder>
    <Folder Name="/src/">
        <Project Path="src\evently.client\evently.client.esproj">
            <Build />
            <Deploy />
        </Project>
        <Project Path="src\Evently.Server\Evently.Server.csproj" />
    </Folder>
    <Folder Name="/tests/">
        <Project Path="tests\Evently.Server.Test\Evently.Server.Test.csproj" />
    </Folder>
</Solution>